// !$*UTF8*$!
{
	archiveVersion = 1;
	classes = {
	};
	objectVersion = 50;
	objects = {

/* Begin PBXBuildFile section */
		9BE40FD823C523AC00DD8323 /* AppDelegate.swift in Sources */ = {isa = PBXBuildFile; fileRef = 9BE40FD723C523AC00DD8323 /* AppDelegate.swift */; };
		9BE40FDA23C523AC00DD8323 /* SceneDelegate.swift in Sources */ = {isa = PBXBuildFile; fileRef = 9BE40FD923C523AC00DD8323 /* SceneDelegate.swift */; };
		9BE40FDC23C523AC00DD8323 /* ViewController.swift in Sources */ = {isa = PBXBuildFile; fileRef = 9BE40FDB23C523AC00DD8323 /* ViewController.swift */; };
		9BE40FDF23C523AC00DD8323 /* Main.storyboard in Resources */ = {isa = PBXBuildFile; fileRef = 9BE40FDD23C523AC00DD8323 /* Main.storyboard */; };
		9BE40FE123C523AC00DD8323 /* Assets.xcassets in Resources */ = {isa = PBXBuildFile; fileRef = 9BE40FE023C523AC00DD8323 /* Assets.xcassets */; };
		9BE40FE423C523AC00DD8323 /* LaunchScreen.storyboard in Resources */ = {isa = PBXBuildFile; fileRef = 9BE40FE223C523AC00DD8323 /* LaunchScreen.storyboard */; };
/* End PBXBuildFile section */

/* Begin PBXFileReference section */
		9BE40FD423C523AC00DD8323 /* hello.app */ = {isa = PBXFileReference; explicitFileType = wrapper.application; includeInIndex = 0; path = hello.app; sourceTree = BUILT_PRODUCTS_DIR; };
		9BE40FD723C523AC00DD8323 /* AppDelegate.swift */ = {isa = PBXFileReference; lastKnownFileType = sourcecode.swift; path = AppDelegate.swift; sourceTree = "<group>"; };
		9BE40FD923C523AC00DD8323 /* SceneDelegate.swift */ = {isa = PBXFileReference; lastKnownFileType = sourcecode.swift; path = SceneDelegate.swift; sourceTree = "<group>"; };
		9BE40FDB23C523AC00DD8323 /* ViewController.swift */ = {isa = PBXFileReference; lastKnownFileType = sourcecode.swift; path = ViewController.swift; sourceTree = "<group>"; };
		9BE40FDE23C523AC00DD8323 /* Base */ = {isa = PBXFileReference; lastKnownFileType = file.storyboard; name = Base; path = Base.lproj/Main.storyboard; sourceTree = "<group>"; };
		9BE40FE023C523AC00DD8323 /* Assets.xcassets */ = {isa = PBXFileReference; lastKnownFileType = folder.assetcatalog; path = Assets.xcassets; sourceTree = "<group>"; };
		9BE40FE323C523AC00DD8323 /* Base */ = {isa = PBXFileReference; lastKnownFileType = file.storyboard; name = Base; path = Base.lproj/LaunchScreen.storyboard; sourceTree = "<group>"; };
		9BE40FE523C523AC00DD8323 /* Info.plist */ = {isa = PBXFileReference; lastKnownFileType = text.plist.xml; path = Info.plist; sourceTree = "<group>"; };
/* End PBXFileReference section */

/* Begin PBXFrameworksBuildPhase section */
		9BE40FD123C523AC00DD8323 /* Frameworks */ = {
			isa = PBXFrameworksBuildPhase;
			buildActionMask = 2147483647;
			files = (
			);
			runOnlyForDeploymentPostprocessing = 0;
		};
/* End PBXFrameworksBuildPhase section */

/* Begin PBXGroup section */
		9BE40FCB23C523AC00DD8323 = {
			isa = PBXGroup;
			children = (
				9BE40FD623C523AC00DD8323 /* hello */,
				9BE40FD523C523AC00DD8323 /* Products */,
			);
			sourceTree = "<group>";
		};
		9BE40FD523C523AC00DD8323 /* Products */ = {
			isa = PBXGroup;
			children = (
				9BE40FD423C523AC00DD8323 /* hello.app */,
			);
			name = Products;
			sourceTree = "<group>";
		};
		9BE40FD623C523AC00DD8323 /* hello */ = {
			isa = PBXGroup;
			children = (
				9BE40FD723C523AC00DD8323 /* AppDelegate.swift */,
				9BE40FD923C523AC00DD8323 /* SceneDelegate.swift */,
				9BE40FDB23C523AC00DD8323 /* ViewController.swift */,
				9BE40FDD23C523AC00DD8323 /* Main.storyboard */,
				9BE40FE023C523AC00DD8323 /* Assets.xcassets */,
				9BE40FE223C523AC00DD8323 /* LaunchScreen.storyboard */,
				9BE40FE523C523AC00DD8323 /* Info.plist */,
			);
			path = hello;
			sourceTree = "<group>";
		};
/* End PBXGroup section */

/* Begin PBXNativeTarget section */
		9BE40FD323C523AC00DD8323 /* hello */ = {
			isa = PBXNativeTarget;
			buildConfigurationList = 9BE40FE823C523AC00DD8323 /* Build configuration list for PBXNativeTarget "hello" */;
			buildPhases = (
				9BE40FD023C523AC00DD8323 /* Sources */,
				9BE40FD123C523AC00DD8323 /* Frameworks */,
				9BE40FD223C523AC00DD8323 /* Resources */,
			);
			buildRules = (
			);
			dependencies = (
			);
			name = hello;
			productName = hello;
			productReference = 9BE40FD423C523AC00DD8323 /* hello.app */;
			productType = "com.apple.product-type.application";
		};
/* End PBXNativeTarget section */

/* Begin PBXProject section */
		9BE40FCC23C523AC00DD8323 /* Project object */ = {
			isa = PBXProject;
			attributes = {
				LastSwiftUpdateCheck = 1130;
				LastUpgradeCheck = 1130;
				ORGANIZATIONNAME = MacStudent;
				TargetAttributes = {
					9BE40FD323C523AC00DD8323 = {
						CreatedOnToolsVersion = 11.3;
					};
				};
			};
			buildConfigurationList = 9BE40FCF23C523AC00DD8323 /* Build configuration list for PBXProject "hello" */;
			compatibilityVersion = "Xcode 9.3";
			developmentRegion = en;
			hasScannedForEncodings = 0;
			knownRegions = (
				en,
				Base,
			);
			mainGroup = 9BE40FCB23C523AC00DD8323;
			productRefGroup = 9BE40FD523C523AC00DD8323 /* Products */;
			projectDirPath = "";
			projectRoot = "";
			targets = (
				9BE40FD323C523AC00DD8323 /* hello */,
			);
		};
/* End PBXProject section */

/* Begin PBXResourcesBuildPhase section */
		9BE40FD223C523AC00DD8323 /* Resources */ = {
			isa = PBXResourcesBuildPhase;
			buildActionMask = 2147483647;
			files = (
				9BE40FE423C523AC00DD8323 /* LaunchScreen.storyboard in Resources */,
				9BE40FE123C523AC00DD8323 /* Assets.xcassets in Resources */,
				9BE40FDF23C523AC00DD8323 /* Main.storyboard in Resources */,
			);
			runOnlyForDeploymentPostprocessing = 0;
		};
/* End PBXResourcesBuildPhase section */

/* Begin PBXSourcesBuildPhase section */
		9BE40FD023C523AC00DD8323 /* Sources */ = {
			isa = PBXSourcesBuildPhase;
			buildActionMask = 2147483647;
			files = (
				9BE40FDC23C523AC00DD8323 /* ViewController.swift in Sources */,
				9BE40FD823C523AC00DD8323 /* AppDelegate.swift in Sources */,
				9BE40FDA23C523AC00DD8323 /* SceneDelegate.swift in Sources */,
			);
			runOnlyForDeploymentPostprocessing = 0;
		};
/* End PBXSourcesBuildPhase section */

/* Begin PBXVariantGroup section */
		9BE40FDD23C523AC00DD8323 /* Main.storyboard */ = {
			isa = PBXVariantGroup;
			children = (
				9BE40FDE23C523AC00DD8323 /* Base */,
			);
			name = Main.storyboard;
			sourceTree = "<group>";
		};
		9BE40FE223C523AC00DD8323 /* LaunchScreen.storyboard */ = {
			isa = PBXVariantGroup;
			children = (
				9BE40FE323C523AC00DD8323 /* Base */,
			);
			name = LaunchScreen.storyboard;
			sourceTree = "<group>";
		};
/* End PBXVariantGroup section */

/* Begin XCBuildConfiguration section */
		9BE40FE623C523AC00DD8323 /* Debug */ = {
			isa = XCBuildConfiguration;
			buildSettings = {
				ALWAYS_SEARCH_USER_PATHS = NO;
				CLANG_ANALYZER_NONNULL = YES;
				CLANG_ANALYZER_NUMBER_OBJECT_CONVERSION = YES_AGGRESSIVE;
				CLANG_CXX_LANGUAGE_STANDARD = "gnu++14";
				CLANG_CXX_LIBRARY = "libc++";
				CLANG_ENABLE_MODULES = YES;
				CLANG_ENABLE_OBJC_ARC = YES;
				CLANG_ENABLE_OBJC_WEAK = YES;
				CLANG_WARN_BLOCK_CAPTURE_AUTORELEASING = YES;
				CLANG_WARN_BOOL_CONVERSION = YES;
				CLANG_WARN_COMMA = YES;
				CLANG_WARN_CONSTANT_CONVERSION = YES;
				CLANG_WARN_DEPRECATED_OBJC_IMPLEMENTATIONS = YES;
				CLANG_WARN_DIRECT_OBJC_ISA_USAGE = YES_ERROR;
				CLANG_WARN_DOCUMENTATION_COMMENTS = YES;
				CLANG_WARN_EMPTY_BODY = YES;
				CLANG_WARN_ENUM_CONVERSION = YES;
				CLANG_WARN_INFINITE_RECURSION = YES;
				CLANG_WARN_INT_CONVERSION = YES;
				CLANG_WARN_NON_LITERAL_NULL_CONVERSION = YES;
				CLANG_WARN_OBJC_IMPLICIT_RETAIN_SELF = YES;
				CLANG_WARN_OBJC_LITERAL_CONVERSION = YES;
				CLANG_WARN_OBJC_ROOT_CLASS = YES_ERROR;
				CLANG_WARN_RANGE_LOOP_ANALYSIS = YES;
				CLANG_WARN_STRICT_PROTOTYPES = YES;
				CLANG_WARN_SUSPICIOUS_MOVE = YES;
				CLANG_WARN_UNGUARDED_AVAILABILITY = YES_AGGRESSIVE;
				CLANG_WARN_UNREACHABLE_CODE = YES;
				CLANG_WARN__DUPLICATE_METHOD_MATCH = YES;
				COPY_PHASE_STRIP = NO;
				DEBUG_INFORMATION_FORMAT = dwarf;
				ENABLE_STRICT_OBJC_MSGSEND = YES;
				ENABLE_TESTABILITY = YES;
				GCC_C_LANGUAGE_STANDARD = gnu11;
				GCC_DYNAMIC_NO_PIC = NO;
				GCC_NO_COMMON_BLOCKS = YES;
				GCC_OPTIMIZATION_LEVEL = 0;
				GCC_PREPROCESSOR_DEFINITIONS = (
					"DEBUG=1",
					"$(inherited)",
				);
				GCC_WARN_64_TO_32_BIT_CONVERSION = YES;
				GCC_WARN_ABOUT_RETURN_TYPE = YES_ERROR;
				GCC_WARN_UNDECLARED_SELECTOR = YES;
				GCC_WARN_UNINITIALIZED_AUTOS = YES_AGGRESSIVE;
				GCC_WARN_UNUSED_FUNCTION = YES;
				GCC_WARN_UNUSED_VARIABLE = YES;
				IPHONEOS_DEPLOYMENT_TARGET = 13.2;
				MTL_ENABLE_DEBUG_INFO = INCLUDE_SOURCE;
				MTL_FAST_MATH = YES;
				ONLY_ACTIVE_ARCH = YES;
				SDKROOT = iphoneos;
				SWIFT_ACTIVE_COMPILATION_CONDITIONS = DEBUG;
				SWIFT_OPTIMIZATION_LEVEL = "-Onone";
			};
			name = Debug;
		};
		9BE40FE723C523AC00DD8323 /* Release */ = {
			isa = XCBuildConfiguration;
			buildSettings = {
				ALWAYS_SEARCH_USER_PATHS = NO;
				CLANG_ANALYZER_NONNULL = YES;
				CLANG_ANALYZER_NUMBER_OBJECT_CONVERSION = YES_AGGRESSIVE;
				CLANG_CXX_LANGUAGE_STANDARD = "gnu++14";
				CLANG_CXX_LIBRARY = "libc++";
				CLANG_ENABLE_MODULES = YES;
				CLANG_ENABLE_OBJC_ARC = YES;
				CLANG_ENABLE_OBJC_WEAK = YES;
				CLANG_WARN_BLOCK_CAPTURE_AUTORELEASING = YES;
				CLANG_WARN_BOOL_CONVERSION = YES;
				CLANG_WARN_COMMA = YES;
				CLANG_WARN_CONSTANT_CONVERSION = YES;
				CLANG_WARN_DEPRECATED_OBJC_IMPLEMENTATIONS = YES;
				CLANG_WARN_DIRECT_OBJC_ISA_USAGE = YES_ERROR;
				CLANG_WARN_DOCUMENTATION_COMMENTS = YES;
				CLANG_WARN_EMPTY_BODY = YES;
				CLANG_WARN_ENUM_CONVERSION = YES;
				CLANG_WARN_INFINITE_RECURSION = YES;
				CLANG_WARN_INT_CONVERSION = YES;
				CLANG_WARN_NON_LITERAL_NULL_CONVERSION = YES;
				CLANG_WARN_OBJC_IMPLICIT_RETAIN_SELF = YES;
				CLANG_WARN_OBJC_LITERAL_CONVERSION = YES;
				CLANG_WARN_OBJC_ROOT_CLASS = YES_ERROR;
				CLANG_WARN_RANGE_LOOP_ANALYSIS = YES;
				CLANG_WARN_STRICT_PROTOTYPES = YES;
				CLANG_WARN_SUSPICIOUS_MOVE = YES;
				CLANG_WARN_UNGUARDED_AVAILABILITY = YES_AGGRESSIVE;
				CLANG_WARN_UNREACHABLE_CODE = YES;
				CLANG_WARN__DUPLICATE_METHOD_MATCH = YES;
				COPY_PHASE_STRIP = NO;
				DEBUG_INFORMATION_FORMAT = "dwarf-with-dsym";
				ENABLE_NS_ASSERTIONS = NO;
				ENABLE_STRICT_OBJC_MSGSEND = YES;
				GCC_C_LANGUAGE_STANDARD = gnu11;
				GCC_NO_COMMON_BLOCKS = YES;
				GCC_WARN_64_TO_32_BIT_CONVERSION = YES;
				GCC_WARN_ABOUT_RETURN_TYPE = YES_ERROR;
				GCC_WARN_UNDECLARED_SELECTOR = YES;
				GCC_WARN_UNINITIALIZED_AUTOS = YES_AGGRESSIVE;
				GCC_WARN_UNUSED_FUNCTION = YES;
				GCC_WARN_UNUSED_VARIABLE = YES;
				IPHONEOS_DEPLOYMENT_TARGET = 13.2;
				MTL_ENABLE_DEBUG_INFO = NO;
				MTL_FAST_MATH = YES;
				SDKROOT = iphoneos;
				SWIFT_COMPILATION_MODE = wholemodule;
				SWIFT_OPTIMIZATION_LEVEL = "-O";
				VALIDATE_PRODUCT = YES;
			};
			name = Release;
		};
		9BE40FE923C523AC00DD8323 /* Debug */ = {
			isa = XCBuildConfiguration;
			buildSettings = {
				ASSETCATALOG_COMPILER_APPICON_NAME = AppIcon;
				CODE_SIGN_STYLE = Automatic;
				INFOPLIST_FILE = hello/Info.plist;
				LD_RUNPATH_SEARCH_PATHS = (
					"$(inherited)",
					"@executable_path/Frameworks",
				);
				PRODUCT_BUNDLE_IDENTIFIER = CestarCollege.hello;
				PRODUCT_NAME = "$(TARGET_NAME)";
				SWIFT_VERSION = 5.0;
				TARGETED_DEVICE_FAMILY = "1,2";
			};
			name = Debug;
		};
		9BE40FEA23C523AC00DD8323 /* Release */ = {
			isa = XCBuildConfiguration;
			buildSettings = {
				ASSETCATALOG_COMPILER_APPICON_NAME = AppIcon;
				CODE_SIGN_STYLE = Automatic;
				INFOPLIST_FILE = hello/Info.plist;
				LD_RUNPATH_SEARCH_PATHS = (
					"$(inherited)",
					"@executable_path/Frameworks",
				);
				PRODUCT_BUNDLE_IDENTIFIER = CestarCollege.hello;
				PRODUCT_NAME = "$(TARGET_NAME)";
				SWIFT_VERSION = 5.0;
				TARGETED_DEVICE_FAMILY = "1,2";
			};
			name = Release;
		};
/* End XCBuildConfiguration section */

/* Begin XCConfigurationList section */
		9BE40FCF23C523AC00DD8323 /* Build configuration list for PBXProject "hello" */ = {
			isa = XCConfigurationList;
			buildConfigurations = (
				9BE40FE623C523AC00DD8323 /* Debug */,
				9BE40FE723C523AC00DD8323 /* Release */,
			);
			defaultConfigurationIsVisible = 0;
			defaultConfigurationName = Release;
		};
		9BE40FE823C523AC00DD8323 /* Build configuration list for PBXNativeTarget "hello" */ = {
			isa = XCConfigurationList;
			buildConfigurations = (
				9BE40FE923C523AC00DD8323 /* Debug */,
				9BE40FEA23C523AC00DD8323 /* Release */,
			);
			defaultConfigurationIsVisible = 0;
			defaultConfigurationName = Release;
		};
/* End XCConfigurationList section */
	};
	rootObject = 9BE40FCC23C523AC00DD8323 /* Project object */;
}
